
Microsoft Visual Studio Solution File, Format Version 12.00
# Visual Studio Version 17
VisualStudioVersion = 17.3.32804.467
MinimumVisualStudioVersion = 10.0.40219.1
Project("{FAE04EC0-301F-11D3-BF4B-00C04F79EFBC}") = "GreenScreenMod", "GreenScreenMod\GreenScreenMod.csproj", "{C1D26CFB-5244-4EFD-B301-B08B3ED43B32}"
EndProject
Global
	GlobalSection(SolutionConfigurationPlatforms) = preSolution
		Debug|Any CPU = Debug|Any CPU
		Release|Any CPU = Release|Any CPU
	EndGlobalSection
	GlobalSection(ProjectConfigurationPlatforms) = postSolution
		{C1D26CFB-5244-4EFD-B301-B08B3ED43B32}.Debug|Any CPU.ActiveCfg = Debug|Any CPU
		{C1D26CFB-5244-4EFD-B301-B08B3ED43B32}.Debug|Any CPU.Build.0 = Debug|Any CPU
		{C1D26CFB-5244-4EFD-B301-B08B3ED43B32}.Release|Any CPU.ActiveCfg = Release|Any CPU
		{C1D26CFB-5244-4EFD-B301-B08B3ED43B32}.Release|Any CPU.Build.0 = Release|Any CPU
	EndGlobalSection
	GlobalSection(SolutionProperties) = preSolution
		HideSolutionNode = FALSE
	EndGlobalSection
	GlobalSection(ExtensibilityGlobals) = postSolution
		SolutionGuid = {74071B84-B34B-4E73-BAE7-A9A36D21BB8E}
	EndGlobalSection
EndGlobal
